
Microsoft Visual Studio Solution File, Format Version 12.00
# Visual Studio Version 16
VisualStudioVersion = 16.0.31321.278
MinimumVisualStudioVersion = 10.0.40219.1
Project("{FAE04EC0-301F-11D3-BF4B-00C04F79EFBC}") = "UAPA", "UAPA\UAPA.csproj", "{0C03AC3A-37BE-4F42-9558-E19D6AA61336}"
EndProject
Global
	GlobalSection(SolutionConfigurationPlatforms) = preSolution
		Debug|Any CPU = Debug|Any CPU
		Release|Any CPU = Release|Any CPU
	EndGlobalSection
	GlobalSection(ProjectConfigurationPlatforms) = postSolution
		{0C03AC3A-37BE-4F42-9558-E19D6AA61336}.Debug|Any CPU.ActiveCfg = Debug|Any CPU
		{0C03AC3A-37BE-4F42-9558-E19D6AA61336}.Debug|Any CPU.Build.0 = Debug|Any CPU
		{0C03AC3A-37BE-4F42-9558-E19D6AA61336}.Release|Any CPU.ActiveCfg = Release|Any CPU
		{0C03AC3A-37BE-4F42-9558-E19D6AA61336}.Release|Any CPU.Build.0 = Release|Any CPU
	EndGlobalSection
	GlobalSection(SolutionProperties) = preSolution
		HideSolutionNode = FALSE
	EndGlobalSection
	GlobalSection(ExtensibilityGlobals) = postSolution
		SolutionGuid = {B9F16FB4-0168-4B67-BD0C-970852D5A4CC}
	EndGlobalSection
EndGlobal
